// !$*UTF8*$!
{
	archiveVersion = 1;
	classes = {
	};
	objectVersion = 50;
	objects = {

/* Begin PBXBuildFile section */
		04915CB723282FBC00C35DD9 /* SearchPhotosRequestModel.swift in Sources */ = {isa = PBXBuildFile; fileRef = 04915CB623282FBC00C35DD9 /* SearchPhotosRequestModel.swift */; };
		04915CB92328305000C35DD9 /* Orientations.swift in Sources */ = {isa = PBXBuildFile; fileRef = 04915CB82328305000C35DD9 /* Orientations.swift */; };
		745362DF232787E400869C24 /* AppDelegate.swift in Sources */ = {isa = PBXBuildFile; fileRef = 745362DE232787E400869C24 /* AppDelegate.swift */; };
		745362E1232787E400869C24 /* ViewController.swift in Sources */ = {isa = PBXBuildFile; fileRef = 745362E0232787E400869C24 /* ViewController.swift */; };
		745362E4232787E400869C24 /* Main.storyboard in Resources */ = {isa = PBXBuildFile; fileRef = 745362E2232787E400869C24 /* Main.storyboard */; };
		745362E7232787E400869C24 /* TestTaskIOS.xcdatamodeld in Sources */ = {isa = PBXBuildFile; fileRef = 745362E5232787E400869C24 /* TestTaskIOS.xcdatamodeld */; };
		745362E9232787E500869C24 /* Assets.xcassets in Resources */ = {isa = PBXBuildFile; fileRef = 745362E8232787E500869C24 /* Assets.xcassets */; };
		745362EC232787E500869C24 /* LaunchScreen.storyboard in Resources */ = {isa = PBXBuildFile; fileRef = 745362EA232787E500869C24 /* LaunchScreen.storyboard */; };
		745362F7232787E600869C24 /* TestTaskIOSTests.swift in Sources */ = {isa = PBXBuildFile; fileRef = 745362F6232787E600869C24 /* TestTaskIOSTests.swift */; };
		74536302232787E600869C24 /* TestTaskIOSUITests.swift in Sources */ = {isa = PBXBuildFile; fileRef = 74536301232787E600869C24 /* TestTaskIOSUITests.swift */; };
		745363662327892D00869C24 /* API.framework in Frameworks */ = {isa = PBXBuildFile; fileRef = 7453635D2327892D00869C24 /* API.framework */; };
		7453636D2327892D00869C24 /* APITests.swift in Sources */ = {isa = PBXBuildFile; fileRef = 7453636C2327892D00869C24 /* APITests.swift */; };
		7453636F2327892D00869C24 /* API.h in Headers */ = {isa = PBXBuildFile; fileRef = 7453635F2327892D00869C24 /* API.h */; settings = {ATTRIBUTES = (Public, ); }; };
		745363722327892D00869C24 /* API.framework in Frameworks */ = {isa = PBXBuildFile; fileRef = 7453635D2327892D00869C24 /* API.framework */; };
		745363732327892D00869C24 /* API.framework in Embed Frameworks */ = {isa = PBXBuildFile; fileRef = 7453635D2327892D00869C24 /* API.framework */; settings = {ATTRIBUTES = (CodeSignOnCopy, RemoveHeadersOnCopy, ); }; };
		7453637C23278D6200869C24 /* Network.swift in Sources */ = {isa = PBXBuildFile; fileRef = 7453637B23278D6200869C24 /* Network.swift */; };
		7453637E23278DC500869C24 /* Endpont.swift in Sources */ = {isa = PBXBuildFile; fileRef = 7453637D23278DC500869C24 /* Endpont.swift */; };
		7453638223278E4E00869C24 /* ParameterBuilder.swift in Sources */ = {isa = PBXBuildFile; fileRef = 7453638123278E4E00869C24 /* ParameterBuilder.swift */; };
		7453638423278EE900869C24 /* RequestConvertable.swift in Sources */ = {isa = PBXBuildFile; fileRef = 7453638323278EE900869C24 /* RequestConvertable.swift */; };
		7453638623278F3D00869C24 /* ParameterBuilderInterface.swift in Sources */ = {isa = PBXBuildFile; fileRef = 7453638523278F3D00869C24 /* ParameterBuilderInterface.swift */; };
		74536388232795D100869C24 /* AccessKey.swift in Sources */ = {isa = PBXBuildFile; fileRef = 74536387232795D100869C24 /* AccessKey.swift */; };
		7453638B232796AD00869C24 /* GetPhotosRequestModel.swift in Sources */ = {isa = PBXBuildFile; fileRef = 7453638A232796AD00869C24 /* GetPhotosRequestModel.swift */; };
		7453638E2327971F00869C24 /* OrderType.swift in Sources */ = {isa = PBXBuildFile; fileRef = 7453638D2327971F00869C24 /* OrderType.swift */; };
		745363922327988900869C24 /* CoreNetwork.swift in Sources */ = {isa = PBXBuildFile; fileRef = 745363912327988900869C24 /* CoreNetwork.swift */; };
		745363982327A0EB00869C24 /* GetPhotosResponseModel.swift in Sources */ = {isa = PBXBuildFile; fileRef = 745363972327A0EB00869C24 /* GetPhotosResponseModel.swift */; };
		7453639B2327A13200869C24 /* User.swift in Sources */ = {isa = PBXBuildFile; fileRef = 7453639A2327A13200869C24 /* User.swift */; };
		7453639D2327A15600869C24 /* ProfileImage.swift in Sources */ = {isa = PBXBuildFile; fileRef = 7453639C2327A15600869C24 /* ProfileImage.swift */; };
		7453639F2327A16700869C24 /* UserLink.swift in Sources */ = {isa = PBXBuildFile; fileRef = 7453639E2327A16700869C24 /* UserLink.swift */; };
		745363A12327A1BE00869C24 /* URL.swift in Sources */ = {isa = PBXBuildFile; fileRef = 745363A02327A1BE00869C24 /* URL.swift */; };
		745363A42327A20000869C24 /* CurrentUserCollection.swift in Sources */ = {isa = PBXBuildFile; fileRef = 745363A32327A20000869C24 /* CurrentUserCollection.swift */; };
		745363A62327A3C000869C24 /* ImageLink.swift in Sources */ = {isa = PBXBuildFile; fileRef = 745363A52327A3C000869C24 /* ImageLink.swift */; };
		745363A92327A44600869C24 /* DataParser.swift in Sources */ = {isa = PBXBuildFile; fileRef = 745363A82327A44600869C24 /* DataParser.swift */; };
		745363B02327B6E000869C24 /* Model.swift in Sources */ = {isa = PBXBuildFile; fileRef = 745363AF2327B6E000869C24 /* Model.swift */; };
		745363B32327B83F00869C24 /* TTPageControl.swift in Sources */ = {isa = PBXBuildFile; fileRef = 745363B22327B83F00869C24 /* TTPageControl.swift */; };
		745363B62327BFE700869C24 /* CollectionVC.swift in Sources */ = {isa = PBXBuildFile; fileRef = 745363B52327BFE700869C24 /* CollectionVC.swift */; };
		745363B92327C07200869C24 /* CollectionVC.xib in Resources */ = {isa = PBXBuildFile; fileRef = 745363B82327C07200869C24 /* CollectionVC.xib */; };
		745363BB2327C0F900869C24 /* ImageCell.xib in Resources */ = {isa = PBXBuildFile; fileRef = 745363BA2327C0F900869C24 /* ImageCell.xib */; };
		745363BD2327C13200869C24 /* ImageCell.swift in Sources */ = {isa = PBXBuildFile; fileRef = 745363BC2327C13200869C24 /* ImageCell.swift */; };
		745363C42327E09200869C24 /* CollectionVCModel.swift in Sources */ = {isa = PBXBuildFile; fileRef = 745363C32327E09200869C24 /* CollectionVCModel.swift */; };
		AC622BE577F57046F6E03995 /* Pods_APITests.framework in Frameworks */ = {isa = PBXBuildFile; fileRef = 032E6DDFBFB7C5569312D801 /* Pods_APITests.framework */; };
		B2B97ACD8F7865F400DB6A6F /* Pods_TestTaskIOS.framework in Frameworks */ = {isa = PBXBuildFile; fileRef = 6A392990A581CC1E2736CD47 /* Pods_TestTaskIOS.framework */; };
		CD88291A5F8D31A4ABC68E2B /* Pods_API.framework in Frameworks */ = {isa = PBXBuildFile; fileRef = 44B0F434D918FA5CAE81AD48 /* Pods_API.framework */; };
		DE6D78E7759A35E3E20C81C0 /* Pods_TestTaskIOSTests.framework in Frameworks */ = {isa = PBXBuildFile; fileRef = 74BFE9A54CD23DEEB5F08FE7 /* Pods_TestTaskIOSTests.framework */; };
		FECA7FD7CA772D59816319CD /* Pods_TestTaskIOSUITests.framework in Frameworks */ = {isa = PBXBuildFile; fileRef = 5FABED446F35FFF614F024C2 /* Pods_TestTaskIOSUITests.framework */; };
/* End PBXBuildFile section */

/* Begin PBXContainerItemProxy section */
		745362F3232787E600869C24 /* PBXContainerItemProxy */ = {
			isa = PBXContainerItemProxy;
			containerPortal = 745362D3232787E400869C24 /* Project object */;
			proxyType = 1;
			remoteGlobalIDString = 745362DA232787E400869C24;
			remoteInfo = TestTaskIOS;
		};
		745362FE232787E600869C24 /* PBXContainerItemProxy */ = {
			isa = PBXContainerItemProxy;
			containerPortal = 745362D3232787E400869C24 /* Project object */;
			proxyType = 1;
			remoteGlobalIDString = 745362DA232787E400869C24;
			remoteInfo = TestTaskIOS;
		};
		745363672327892D00869C24 /* PBXContainerItemProxy */ = {
			isa = PBXContainerItemProxy;
			containerPortal = 745362D3232787E400869C24 /* Project object */;
			proxyType = 1;
			remoteGlobalIDString = 7453635C2327892D00869C24;
			remoteInfo = API;
		};
		745363692327892D00869C24 /* PBXContainerItemProxy */ = {
			isa = PBXContainerItemProxy;
			containerPortal = 745362D3232787E400869C24 /* Project object */;
			proxyType = 1;
			remoteGlobalIDString = 745362DA232787E400869C24;
			remoteInfo = TestTaskIOS;
		};
		745363702327892D00869C24 /* PBXContainerItemProxy */ = {
			isa = PBXContainerItemProxy;
			containerPortal = 745362D3232787E400869C24 /* Project object */;
			proxyType = 1;
			remoteGlobalIDString = 7453635C2327892D00869C24;
			remoteInfo = API;
		};
/* End PBXContainerItemProxy section */

/* Begin PBXCopyFilesBuildPhase section */
		745363322327888900869C24 /* Embed Frameworks */ = {
			isa = PBXCopyFilesBuildPhase;
			buildActionMask = 2147483647;
			dstPath = "";
			dstSubfolderSpec = 10;
			files = (
				745363732327892D00869C24 /* API.framework in Embed Frameworks */,
			);
			name = "Embed Frameworks";
			runOnlyForDeploymentPostprocessing = 0;
		};
/* End PBXCopyFilesBuildPhase section */

/* Begin PBXFileReference section */
		032E6DDFBFB7C5569312D801 /* Pods_APITests.framework */ = {isa = PBXFileReference; explicitFileType = wrapper.framework; includeInIndex = 0; path = Pods_APITests.framework; sourceTree = BUILT_PRODUCTS_DIR; };
		04915CB623282FBC00C35DD9 /* SearchPhotosRequestModel.swift */ = {isa = PBXFileReference; lastKnownFileType = sourcecode.swift; path = SearchPhotosRequestModel.swift; sourceTree = "<group>"; };
		04915CB82328305000C35DD9 /* Orientations.swift */ = {isa = PBXFileReference; lastKnownFileType = sourcecode.swift; path = Orientations.swift; sourceTree = "<group>"; };
		08EF3AFB70FC5AA90F6911E4 /* Pods-TestTaskIOS.debug.xcconfig */ = {isa = PBXFileReference; includeInIndex = 1; lastKnownFileType = text.xcconfig; name = "Pods-TestTaskIOS.debug.xcconfig"; path = "Pods/Target Support Files/Pods-TestTaskIOS/Pods-TestTaskIOS.debug.xcconfig"; sourceTree = "<group>"; };
		44B0F434D918FA5CAE81AD48 /* Pods_API.framework */ = {isa = PBXFileReference; explicitFileType = wrapper.framework; includeInIndex = 0; path = Pods_API.framework; sourceTree = BUILT_PRODUCTS_DIR; };
		5FABED446F35FFF614F024C2 /* Pods_TestTaskIOSUITests.framework */ = {isa = PBXFileReference; explicitFileType = wrapper.framework; includeInIndex = 0; path = Pods_TestTaskIOSUITests.framework; sourceTree = BUILT_PRODUCTS_DIR; };
		6A392990A581CC1E2736CD47 /* Pods_TestTaskIOS.framework */ = {isa = PBXFileReference; explicitFileType = wrapper.framework; includeInIndex = 0; path = Pods_TestTaskIOS.framework; sourceTree = BUILT_PRODUCTS_DIR; };
		709655B0852F78EB8221F32B /* Pods-TestTaskIOSTests.release.xcconfig */ = {isa = PBXFileReference; includeInIndex = 1; lastKnownFileType = text.xcconfig; name = "Pods-TestTaskIOSTests.release.xcconfig"; path = "Pods/Target Support Files/Pods-TestTaskIOSTests/Pods-TestTaskIOSTests.release.xcconfig"; sourceTree = "<group>"; };
		745362DB232787E400869C24 /* TestTaskIOS.app */ = {isa = PBXFileReference; explicitFileType = wrapper.application; includeInIndex = 0; path = TestTaskIOS.app; sourceTree = BUILT_PRODUCTS_DIR; };
		745362DE232787E400869C24 /* AppDelegate.swift */ = {isa = PBXFileReference; lastKnownFileType = sourcecode.swift; path = AppDelegate.swift; sourceTree = "<group>"; };
		745362E0232787E400869C24 /* ViewController.swift */ = {isa = PBXFileReference; lastKnownFileType = sourcecode.swift; path = ViewController.swift; sourceTree = "<group>"; };
		745362E3232787E400869C24 /* Base */ = {isa = PBXFileReference; lastKnownFileType = file.storyboard; name = Base; path = Base.lproj/Main.storyboard; sourceTree = "<group>"; };
		745362E6232787E400869C24 /* TestTaskIOS.xcdatamodel */ = {isa = PBXFileReference; lastKnownFileType = wrapper.xcdatamodel; path = TestTaskIOS.xcdatamodel; sourceTree = "<group>"; };
		745362E8232787E500869C24 /* Assets.xcassets */ = {isa = PBXFileReference; lastKnownFileType = folder.assetcatalog; path = Assets.xcassets; sourceTree = "<group>"; };
		745362EB232787E500869C24 /* Base */ = {isa = PBXFileReference; lastKnownFileType = file.storyboard; name = Base; path = Base.lproj/LaunchScreen.storyboard; sourceTree = "<group>"; };
		745362ED232787E500869C24 /* Info.plist */ = {isa = PBXFileReference; lastKnownFileType = text.plist.xml; path = Info.plist; sourceTree = "<group>"; };
		745362F2232787E600869C24 /* TestTaskIOSTests.xctest */ = {isa = PBXFileReference; explicitFileType = wrapper.cfbundle; includeInIndex = 0; path = TestTaskIOSTests.xctest; sourceTree = BUILT_PRODUCTS_DIR; };
		745362F6232787E600869C24 /* TestTaskIOSTests.swift */ = {isa = PBXFileReference; lastKnownFileType = sourcecode.swift; path = TestTaskIOSTests.swift; sourceTree = "<group>"; };
		745362F8232787E600869C24 /* Info.plist */ = {isa = PBXFileReference; lastKnownFileType = text.plist.xml; path = Info.plist; sourceTree = "<group>"; };
		745362FD232787E600869C24 /* TestTaskIOSUITests.xctest */ = {isa = PBXFileReference; explicitFileType = wrapper.cfbundle; includeInIndex = 0; path = TestTaskIOSUITests.xctest; sourceTree = BUILT_PRODUCTS_DIR; };
		74536301232787E600869C24 /* TestTaskIOSUITests.swift */ = {isa = PBXFileReference; lastKnownFileType = sourcecode.swift; path = TestTaskIOSUITests.swift; sourceTree = "<group>"; };
		74536303232787E600869C24 /* Info.plist */ = {isa = PBXFileReference; lastKnownFileType = text.plist.xml; path = Info.plist; sourceTree = "<group>"; };
		7453635D2327892D00869C24 /* API.framework */ = {isa = PBXFileReference; explicitFileType = wrapper.framework; includeInIndex = 0; path = API.framework; sourceTree = BUILT_PRODUCTS_DIR; };
		7453635F2327892D00869C24 /* API.h */ = {isa = PBXFileReference; lastKnownFileType = sourcecode.c.h; path = API.h; sourceTree = "<group>"; };
		745363602327892D00869C24 /* Info.plist */ = {isa = PBXFileReference; lastKnownFileType = text.plist.xml; path = Info.plist; sourceTree = "<group>"; };
		745363652327892D00869C24 /* APITests.xctest */ = {isa = PBXFileReference; explicitFileType = wrapper.cfbundle; includeInIndex = 0; path = APITests.xctest; sourceTree = BUILT_PRODUCTS_DIR; };
		7453636C2327892D00869C24 /* APITests.swift */ = {isa = PBXFileReference; lastKnownFileType = sourcecode.swift; path = APITests.swift; sourceTree = "<group>"; };
		7453636E2327892D00869C24 /* Info.plist */ = {isa = PBXFileReference; lastKnownFileType = text.plist.xml; path = Info.plist; sourceTree = "<group>"; };
		7453637B23278D6200869C24 /* Network.swift */ = {isa = PBXFileReference; lastKnownFileType = sourcecode.swift; path = Network.swift; sourceTree = "<group>"; };
		7453637D23278DC500869C24 /* Endpont.swift */ = {isa = PBXFileReference; lastKnownFileType = sourcecode.swift; path = Endpont.swift; sourceTree = "<group>"; };
		7453638123278E4E00869C24 /* ParameterBuilder.swift */ = {isa = PBXFileReference; lastKnownFileType = sourcecode.swift; path = ParameterBuilder.swift; sourceTree = "<group>"; };
		7453638323278EE900869C24 /* RequestConvertable.swift */ = {isa = PBXFileReference; lastKnownFileType = sourcecode.swift; path = RequestConvertable.swift; sourceTree = "<group>"; };
		7453638523278F3D00869C24 /* ParameterBuilderInterface.swift */ = {isa = PBXFileReference; lastKnownFileType = sourcecode.swift; path = ParameterBuilderInterface.swift; sourceTree = "<group>"; };
		74536387232795D100869C24 /* AccessKey.swift */ = {isa = PBXFileReference; lastKnownFileType = sourcecode.swift; path = AccessKey.swift; sourceTree = "<group>"; };
		7453638A232796AD00869C24 /* GetPhotosRequestModel.swift */ = {isa = PBXFileReference; lastKnownFileType = sourcecode.swift; path = GetPhotosRequestModel.swift; sourceTree = "<group>"; };
		7453638D2327971F00869C24 /* OrderType.swift */ = {isa = PBXFileReference; lastKnownFileType = sourcecode.swift; path = OrderType.swift; sourceTree = "<group>"; };
		745363912327988900869C24 /* CoreNetwork.swift */ = {isa = PBXFileReference; lastKnownFileType = sourcecode.swift; path = CoreNetwork.swift; sourceTree = "<group>"; };
		745363972327A0EB00869C24 /* GetPhotosResponseModel.swift */ = {isa = PBXFileReference; lastKnownFileType = sourcecode.swift; path = GetPhotosResponseModel.swift; sourceTree = "<group>"; };
		7453639A2327A13200869C24 /* User.swift */ = {isa = PBXFileReference; lastKnownFileType = sourcecode.swift; path = User.swift; sourceTree = "<group>"; };
		7453639C2327A15600869C24 /* ProfileImage.swift */ = {isa = PBXFileReference; lastKnownFileType = sourcecode.swift; path = ProfileImage.swift; sourceTree = "<group>"; };
		7453639E2327A16700869C24 /* UserLink.swift */ = {isa = PBXFileReference; lastKnownFileType = sourcecode.swift; path = UserLink.swift; sourceTree = "<group>"; };
		745363A02327A1BE00869C24 /* URL.swift */ = {isa = PBXFileReference; lastKnownFileType = sourcecode.swift; path = URL.swift; sourceTree = "<group>"; };
		745363A32327A20000869C24 /* CurrentUserCollection.swift */ = {isa = PBXFileReference; lastKnownFileType = sourcecode.swift; path = CurrentUserCollection.swift; sourceTree = "<group>"; };
		745363A52327A3C000869C24 /* ImageLink.swift */ = {isa = PBXFileReference; lastKnownFileType = sourcecode.swift; path = ImageLink.swift; sourceTree = "<group>"; };
		745363A82327A44600869C24 /* DataParser.swift */ = {isa = PBXFileReference; lastKnownFileType = sourcecode.swift; path = DataParser.swift; sourceTree = "<group>"; };
		745363AF2327B6E000869C24 /* Model.swift */ = {isa = PBXFileReference; lastKnownFileType = sourcecode.swift; path = Model.swift; sourceTree = "<group>"; };
		745363B22327B83F00869C24 /* TTPageControl.swift */ = {isa = PBXFileReference; lastKnownFileType = sourcecode.swift; path = TTPageControl.swift; sourceTree = "<group>"; };
		745363B52327BFE700869C24 /* CollectionVC.swift */ = {isa = PBXFileReference; lastKnownFileType = sourcecode.swift; path = CollectionVC.swift; sourceTree = "<group>"; };
		745363B82327C07200869C24 /* CollectionVC.xib */ = {isa = PBXFileReference; lastKnownFileType = file.xib; path = CollectionVC.xib; sourceTree = "<group>"; };
		745363BA2327C0F900869C24 /* ImageCell.xib */ = {isa = PBXFileReference; lastKnownFileType = file.xib; path = ImageCell.xib; sourceTree = "<group>"; };
		745363BC2327C13200869C24 /* ImageCell.swift */ = {isa = PBXFileReference; lastKnownFileType = sourcecode.swift; path = ImageCell.swift; sourceTree = "<group>"; };
		745363C32327E09200869C24 /* CollectionVCModel.swift */ = {isa = PBXFileReference; lastKnownFileType = sourcecode.swift; path = CollectionVCModel.swift; sourceTree = "<group>"; };
		74BFE9A54CD23DEEB5F08FE7 /* Pods_TestTaskIOSTests.framework */ = {isa = PBXFileReference; explicitFileType = wrapper.framework; includeInIndex = 0; path = Pods_TestTaskIOSTests.framework; sourceTree = BUILT_PRODUCTS_DIR; };
		7E6A4DE136E82BCC4C47B4D1 /* Pods-APITests.debug.xcconfig */ = {isa = PBXFileReference; includeInIndex = 1; lastKnownFileType = text.xcconfig; name = "Pods-APITests.debug.xcconfig"; path = "Pods/Target Support Files/Pods-APITests/Pods-APITests.debug.xcconfig"; sourceTree = "<group>"; };
		81458F3D93CE0528A9C976BD /* Pods-TestTaskIOSUITests.debug.xcconfig */ = {isa = PBXFileReference; includeInIndex = 1; lastKnownFileType = text.xcconfig; name = "Pods-TestTaskIOSUITests.debug.xcconfig"; path = "Pods/Target Support Files/Pods-TestTaskIOSUITests/Pods-TestTaskIOSUITests.debug.xcconfig"; sourceTree = "<group>"; };
		8741EA5151694CA714870CA3 /* Pods-TestTaskIOSUITests.release.xcconfig */ = {isa = PBXFileReference; includeInIndex = 1; lastKnownFileType = text.xcconfig; name = "Pods-TestTaskIOSUITests.release.xcconfig"; path = "Pods/Target Support Files/Pods-TestTaskIOSUITests/Pods-TestTaskIOSUITests.release.xcconfig"; sourceTree = "<group>"; };
		928A4CFF815656F5BCA10C00 /* Pods-APITests.release.xcconfig */ = {isa = PBXFileReference; includeInIndex = 1; lastKnownFileType = text.xcconfig; name = "Pods-APITests.release.xcconfig"; path = "Pods/Target Support Files/Pods-APITests/Pods-APITests.release.xcconfig"; sourceTree = "<group>"; };
		95A4CD5A8A4093C76825DAFB /* Pods-TestTaskIOSTests.debug.xcconfig */ = {isa = PBXFileReference; includeInIndex = 1; lastKnownFileType = text.xcconfig; name = "Pods-TestTaskIOSTests.debug.xcconfig"; path = "Pods/Target Support Files/Pods-TestTaskIOSTests/Pods-TestTaskIOSTests.debug.xcconfig"; sourceTree = "<group>"; };
		B9D0E2339F4D685006BBF26C /* Pods-TestTaskIOS.release.xcconfig */ = {isa = PBXFileReference; includeInIndex = 1; lastKnownFileType = text.xcconfig; name = "Pods-TestTaskIOS.release.xcconfig"; path = "Pods/Target Support Files/Pods-TestTaskIOS/Pods-TestTaskIOS.release.xcconfig"; sourceTree = "<group>"; };
		E8489E24297A3AB93DC0FA01 /* Pods-API.release.xcconfig */ = {isa = PBXFileReference; includeInIndex = 1; lastKnownFileType = text.xcconfig; name = "Pods-API.release.xcconfig"; path = "Pods/Target Support Files/Pods-API/Pods-API.release.xcconfig"; sourceTree = "<group>"; };
		F22E2DFD3E12A44503F7CD68 /* Pods-API.debug.xcconfig */ = {isa = PBXFileReference; includeInIndex = 1; lastKnownFileType = text.xcconfig; name = "Pods-API.debug.xcconfig"; path = "Pods/Target Support Files/Pods-API/Pods-API.debug.xcconfig"; sourceTree = "<group>"; };
/* End PBXFileReference section */

/* Begin PBXFrameworksBuildPhase section */
		745362D8232787E400869C24 /* Frameworks */ = {
			isa = PBXFrameworksBuildPhase;
			buildActionMask = 2147483647;
			files = (
				745363722327892D00869C24 /* API.framework in Frameworks */,
				B2B97ACD8F7865F400DB6A6F /* Pods_TestTaskIOS.framework in Frameworks */,
			);
			runOnlyForDeploymentPostprocessing = 0;
		};
		745362EF232787E600869C24 /* Frameworks */ = {
			isa = PBXFrameworksBuildPhase;
			buildActionMask = 2147483647;
			files = (
				DE6D78E7759A35E3E20C81C0 /* Pods_TestTaskIOSTests.framework in Frameworks */,
			);
			runOnlyForDeploymentPostprocessing = 0;
		};
		745362FA232787E600869C24 /* Frameworks */ = {
			isa = PBXFrameworksBuildPhase;
			buildActionMask = 2147483647;
			files = (
				FECA7FD7CA772D59816319CD /* Pods_TestTaskIOSUITests.framework in Frameworks */,
			);
			runOnlyForDeploymentPostprocessing = 0;
		};
		7453635A2327892D00869C24 /* Frameworks */ = {
			isa = PBXFrameworksBuildPhase;
			buildActionMask = 2147483647;
			files = (
				CD88291A5F8D31A4ABC68E2B /* Pods_API.framework in Frameworks */,
			);
			runOnlyForDeploymentPostprocessing = 0;
		};
		745363622327892D00869C24 /* Frameworks */ = {
			isa = PBXFrameworksBuildPhase;
			buildActionMask = 2147483647;
			files = (
				745363662327892D00869C24 /* API.framework in Frameworks */,
				AC622BE577F57046F6E03995 /* Pods_APITests.framework in Frameworks */,
			);
			runOnlyForDeploymentPostprocessing = 0;
		};
/* End PBXFrameworksBuildPhase section */

/* Begin PBXGroup section */
		34A6E8F885D709D068A3E60E /* Frameworks */ = {
			isa = PBXGroup;
			children = (
				44B0F434D918FA5CAE81AD48 /* Pods_API.framework */,
				032E6DDFBFB7C5569312D801 /* Pods_APITests.framework */,
				6A392990A581CC1E2736CD47 /* Pods_TestTaskIOS.framework */,
				74BFE9A54CD23DEEB5F08FE7 /* Pods_TestTaskIOSTests.framework */,
				5FABED446F35FFF614F024C2 /* Pods_TestTaskIOSUITests.framework */,
			);
			name = Frameworks;
			sourceTree = "<group>";
		};
		525811DDC51144AE1DF27367 /* Pods */ = {
			isa = PBXGroup;
			children = (
				F22E2DFD3E12A44503F7CD68 /* Pods-API.debug.xcconfig */,
				E8489E24297A3AB93DC0FA01 /* Pods-API.release.xcconfig */,
				7E6A4DE136E82BCC4C47B4D1 /* Pods-APITests.debug.xcconfig */,
				928A4CFF815656F5BCA10C00 /* Pods-APITests.release.xcconfig */,
				08EF3AFB70FC5AA90F6911E4 /* Pods-TestTaskIOS.debug.xcconfig */,
				B9D0E2339F4D685006BBF26C /* Pods-TestTaskIOS.release.xcconfig */,
				95A4CD5A8A4093C76825DAFB /* Pods-TestTaskIOSTests.debug.xcconfig */,
				709655B0852F78EB8221F32B /* Pods-TestTaskIOSTests.release.xcconfig */,
				81458F3D93CE0528A9C976BD /* Pods-TestTaskIOSUITests.debug.xcconfig */,
				8741EA5151694CA714870CA3 /* Pods-TestTaskIOSUITests.release.xcconfig */,
			);
			name = Pods;
			sourceTree = "<group>";
		};
		745362D2232787E400869C24 = {
			isa = PBXGroup;
			children = (
				745362DD232787E400869C24 /* TestTaskIOS */,
				745362F5232787E600869C24 /* TestTaskIOSTests */,
				74536300232787E600869C24 /* TestTaskIOSUITests */,
				7453635E2327892D00869C24 /* API */,
				7453636B2327892D00869C24 /* APITests */,
				745362DC232787E400869C24 /* Products */,
				525811DDC51144AE1DF27367 /* Pods */,
				34A6E8F885D709D068A3E60E /* Frameworks */,
			);
			sourceTree = "<group>";
		};
		745362DC232787E400869C24 /* Products */ = {
			isa = PBXGroup;
			children = (
				745362DB232787E400869C24 /* TestTaskIOS.app */,
				745362F2232787E600869C24 /* TestTaskIOSTests.xctest */,
				745362FD232787E600869C24 /* TestTaskIOSUITests.xctest */,
				7453635D2327892D00869C24 /* API.framework */,
				745363652327892D00869C24 /* APITests.xctest */,
			);
			name = Products;
			sourceTree = "<group>";
		};
		745362DD232787E400869C24 /* TestTaskIOS */ = {
			isa = PBXGroup;
			children = (
				745362ED232787E500869C24 /* Info.plist */,
				745363102327882500869C24 /* Source */,
			);
			path = TestTaskIOS;
			sourceTree = "<group>";
		};
		745362F5232787E600869C24 /* TestTaskIOSTests */ = {
			isa = PBXGroup;
			children = (
				745362F6232787E600869C24 /* TestTaskIOSTests.swift */,
				745362F8232787E600869C24 /* Info.plist */,
			);
			path = TestTaskIOSTests;
			sourceTree = "<group>";
		};
		74536300232787E600869C24 /* TestTaskIOSUITests */ = {
			isa = PBXGroup;
			children = (
				74536301232787E600869C24 /* TestTaskIOSUITests.swift */,
				74536303232787E600869C24 /* Info.plist */,
			);
			path = TestTaskIOSUITests;
			sourceTree = "<group>";
		};
		7453630F2327881500869C24 /* Storyboard */ = {
			isa = PBXGroup;
			children = (
				745362E2232787E400869C24 /* Main.storyboard */,
				745362EA232787E500869C24 /* LaunchScreen.storyboard */,
			);
			path = Storyboard;
			sourceTree = "<group>";
		};
		745363102327882500869C24 /* Source */ = {
			isa = PBXGroup;
			children = (
				745363122327885F00869C24 /* Resources */,
				7453630F2327881500869C24 /* Storyboard */,
				745363112327884500869C24 /* ViewController */,
				745363AE2327B6C700869C24 /* Model */,
				745363B12327B82400869C24 /* PageControl */,
			);
			path = Source;
			sourceTree = "<group>";
		};
		745363112327884500869C24 /* ViewController */ = {
			isa = PBXGroup;
			children = (
				745362E0232787E400869C24 /* ViewController.swift */,
				745363B42327BFA800869C24 /* CollectionVC */,
			);
			path = ViewController;
			sourceTree = "<group>";
		};
		745363122327885F00869C24 /* Resources */ = {
			isa = PBXGroup;
			children = (
				745362DE232787E400869C24 /* AppDelegate.swift */,
				745362E8232787E500869C24 /* Assets.xcassets */,
				745362E5232787E400869C24 /* TestTaskIOS.xcdatamodeld */,
			);
			path = Resources;
			sourceTree = "<group>";
		};
		7453635E2327892D00869C24 /* API */ = {
			isa = PBXGroup;
			children = (
				7453637A2327893A00869C24 /* Source */,
				7453635F2327892D00869C24 /* API.h */,
				745363602327892D00869C24 /* Info.plist */,
			);
			path = API;
			sourceTree = "<group>";
		};
		7453636B2327892D00869C24 /* APITests */ = {
			isa = PBXGroup;
			children = (
				7453636C2327892D00869C24 /* APITests.swift */,
				7453636E2327892D00869C24 /* Info.plist */,
			);
			path = APITests;
			sourceTree = "<group>";
		};
		7453637A2327893A00869C24 /* Source */ = {
			isa = PBXGroup;
			children = (
				745363902327985F00869C24 /* Network */,
				7453638023278E3000869C24 /* Router */,
				7453637F23278E2600869C24 /* Models */,
				745363892327964900869C24 /* Resources */,
			);
			path = Source;
			sourceTree = "<group>";
		};
		7453637F23278E2600869C24 /* Models */ = {
			isa = PBXGroup;
			children = (
				745363932327A09F00869C24 /* Response */,
				7453638F2327976800869C24 /* Request */,
			);
			path = Models;
			sourceTree = "<group>";
		};
		7453638023278E3000869C24 /* Router */ = {
			isa = PBXGroup;
			children = (
				7453638523278F3D00869C24 /* ParameterBuilderInterface.swift */,
				7453638123278E4E00869C24 /* ParameterBuilder.swift */,
			);
			path = Router;
			sourceTree = "<group>";
		};
		745363892327964900869C24 /* Resources */ = {
			isa = PBXGroup;
			children = (
				745363A72327A43800869C24 /* Parser */,
				7453637D23278DC500869C24 /* Endpont.swift */,
				74536387232795D100869C24 /* AccessKey.swift */,
				7453638D2327971F00869C24 /* OrderType.swift */,
				04915CB82328305000C35DD9 /* Orientations.swift */,
			);
			path = Resources;
			sourceTree = "<group>";
		};
		7453638F2327976800869C24 /* Request */ = {
			isa = PBXGroup;
			children = (
				7453638323278EE900869C24 /* RequestConvertable.swift */,
				7453638A232796AD00869C24 /* GetPhotosRequestModel.swift */,
				04915CB623282FBC00C35DD9 /* SearchPhotosRequestModel.swift */,
			);
			path = Request;
			sourceTree = "<group>";
		};
		745363902327985F00869C24 /* Network */ = {
			isa = PBXGroup;
			children = (
				7453637B23278D6200869C24 /* Network.swift */,
				745363912327988900869C24 /* CoreNetwork.swift */,
			);
			path = Network;
			sourceTree = "<group>";
		};
		745363932327A09F00869C24 /* Response */ = {
			isa = PBXGroup;
			children = (
				745363962327A0CA00869C24 /* GetPhotos */,
			);
			path = Response;
			sourceTree = "<group>";
		};
		745363962327A0CA00869C24 /* GetPhotos */ = {
			isa = PBXGroup;
			children = (
				745363972327A0EB00869C24 /* GetPhotosResponseModel.swift */,
				745363992327A12200869C24 /* SubModels */,
			);
			path = GetPhotos;
			sourceTree = "<group>";
		};
		745363992327A12200869C24 /* SubModels */ = {
			isa = PBXGroup;
			children = (
				7453639A2327A13200869C24 /* User.swift */,
				7453639C2327A15600869C24 /* ProfileImage.swift */,
				7453639E2327A16700869C24 /* UserLink.swift */,
				745363A02327A1BE00869C24 /* URL.swift */,
				745363A32327A20000869C24 /* CurrentUserCollection.swift */,
				745363A52327A3C000869C24 /* ImageLink.swift */,
			);
			path = SubModels;
			sourceTree = "<group>";
		};
		745363A72327A43800869C24 /* Parser */ = {
			isa = PBXGroup;
			children = (
				745363A82327A44600869C24 /* DataParser.swift */,
			);
			path = Parser;
			sourceTree = "<group>";
		};
		745363AE2327B6C700869C24 /* Model */ = {
			isa = PBXGroup;
			children = (
				745363C22327E08000869C24 /* CollectionVCModel */,
				745363AF2327B6E000869C24 /* Model.swift */,
			);
			path = Model;
			sourceTree = "<group>";
		};
		745363B12327B82400869C24 /* PageControl */ = {
			isa = PBXGroup;
			children = (
				745363B22327B83F00869C24 /* TTPageControl.swift */,
			);
			path = PageControl;
			sourceTree = "<group>";
		};
		745363B42327BFA800869C24 /* CollectionVC */ = {
			isa = PBXGroup;
			children = (
				745363B52327BFE700869C24 /* CollectionVC.swift */,
				745363BC2327C13200869C24 /* ImageCell.swift */,
				745363B72327C05C00869C24 /* View */,
			);
			path = CollectionVC;
			sourceTree = "<group>";
		};
		745363B72327C05C00869C24 /* View */ = {
			isa = PBXGroup;
			children = (
				745363B82327C07200869C24 /* CollectionVC.xib */,
				745363BA2327C0F900869C24 /* ImageCell.xib */,
			);
			path = View;
			sourceTree = "<group>";
		};
		745363C22327E08000869C24 /* CollectionVCModel */ = {
			isa = PBXGroup;
			children = (
				745363C32327E09200869C24 /* CollectionVCModel.swift */,
			);
			path = CollectionVCModel;
			sourceTree = "<group>";
		};
/* End PBXGroup section */

/* Begin PBXHeadersBuildPhase section */
		745363582327892D00869C24 /* Headers */ = {
			isa = PBXHeadersBuildPhase;
			buildActionMask = 2147483647;
			files = (
				7453636F2327892D00869C24 /* API.h in Headers */,
			);
			runOnlyForDeploymentPostprocessing = 0;
		};
/* End PBXHeadersBuildPhase section */

/* Begin PBXNativeTarget section */
		745362DA232787E400869C24 /* TestTaskIOS */ = {
			isa = PBXNativeTarget;
			buildConfigurationList = 74536306232787E600869C24 /* Build configuration list for PBXNativeTarget "TestTaskIOS" */;
			buildPhases = (
				F494F0191CF8CCB8DED13A2E /* [CP] Check Pods Manifest.lock */,
				745362D7232787E400869C24 /* Sources */,
				745362D8232787E400869C24 /* Frameworks */,
				745362D9232787E400869C24 /* Resources */,
				745363322327888900869C24 /* Embed Frameworks */,
				1242188C24E8685DFA49A0B4 /* [CP] Embed Pods Frameworks */,
			);
			buildRules = (
			);
			dependencies = (
				745363712327892D00869C24 /* PBXTargetDependency */,
			);
			name = TestTaskIOS;
			productName = TestTaskIOS;
			productReference = 745362DB232787E400869C24 /* TestTaskIOS.app */;
			productType = "com.apple.product-type.application";
		};
		745362F1232787E600869C24 /* TestTaskIOSTests */ = {
			isa = PBXNativeTarget;
			buildConfigurationList = 74536309232787E600869C24 /* Build configuration list for PBXNativeTarget "TestTaskIOSTests" */;
			buildPhases = (
				F697D92D681CEFF0C7B4309C /* [CP] Check Pods Manifest.lock */,
				745362EE232787E600869C24 /* Sources */,
				745362EF232787E600869C24 /* Frameworks */,
				745362F0232787E600869C24 /* Resources */,
			);
			buildRules = (
			);
			dependencies = (
				745362F4232787E600869C24 /* PBXTargetDependency */,
			);
			name = TestTaskIOSTests;
			productName = TestTaskIOSTests;
			productReference = 745362F2232787E600869C24 /* TestTaskIOSTests.xctest */;
			productType = "com.apple.product-type.bundle.unit-test";
		};
		745362FC232787E600869C24 /* TestTaskIOSUITests */ = {
			isa = PBXNativeTarget;
			buildConfigurationList = 7453630C232787E600869C24 /* Build configuration list for PBXNativeTarget "TestTaskIOSUITests" */;
			buildPhases = (
				E27E75686A850FB026EB0075 /* [CP] Check Pods Manifest.lock */,
				745362F9232787E600869C24 /* Sources */,
				745362FA232787E600869C24 /* Frameworks */,
				745362FB232787E600869C24 /* Resources */,
			);
			buildRules = (
			);
			dependencies = (
				745362FF232787E600869C24 /* PBXTargetDependency */,
			);
			name = TestTaskIOSUITests;
			productName = TestTaskIOSUITests;
			productReference = 745362FD232787E600869C24 /* TestTaskIOSUITests.xctest */;
			productType = "com.apple.product-type.bundle.ui-testing";
		};
		7453635C2327892D00869C24 /* API */ = {
			isa = PBXNativeTarget;
			buildConfigurationList = 745363742327892D00869C24 /* Build configuration list for PBXNativeTarget "API" */;
			buildPhases = (
				0B3F005AF41B1764C440F585 /* [CP] Check Pods Manifest.lock */,
				745363582327892D00869C24 /* Headers */,
				745363592327892D00869C24 /* Sources */,
				7453635A2327892D00869C24 /* Frameworks */,
				7453635B2327892D00869C24 /* Resources */,
			);
			buildRules = (
			);
			dependencies = (
			);
			name = API;
			productName = API;
			productReference = 7453635D2327892D00869C24 /* API.framework */;
			productType = "com.apple.product-type.framework";
		};
		745363642327892D00869C24 /* APITests */ = {
			isa = PBXNativeTarget;
			buildConfigurationList = 745363772327892D00869C24 /* Build configuration list for PBXNativeTarget "APITests" */;
			buildPhases = (
				D0B9238997FF22737C274A45 /* [CP] Check Pods Manifest.lock */,
				745363612327892D00869C24 /* Sources */,
				745363622327892D00869C24 /* Frameworks */,
				745363632327892D00869C24 /* Resources */,
			);
			buildRules = (
			);
			dependencies = (
				745363682327892D00869C24 /* PBXTargetDependency */,
				7453636A2327892D00869C24 /* PBXTargetDependency */,
			);
			name = APITests;
			productName = APITests;
			productReference = 745363652327892D00869C24 /* APITests.xctest */;
			productType = "com.apple.product-type.bundle.unit-test";
		};
/* End PBXNativeTarget section */

/* Begin PBXProject section */
		745362D3232787E400869C24 /* Project object */ = {
			isa = PBXProject;
			attributes = {
				LastSwiftUpdateCheck = 1020;
				LastUpgradeCheck = 1020;
				ORGANIZATIONNAME = "Денис Ефремов";
				TargetAttributes = {
					745362DA232787E400869C24 = {
						CreatedOnToolsVersion = 10.2.1;
					};
					745362F1232787E600869C24 = {
						CreatedOnToolsVersion = 10.2.1;
						TestTargetID = 745362DA232787E400869C24;
					};
					745362FC232787E600869C24 = {
						CreatedOnToolsVersion = 10.2.1;
						TestTargetID = 745362DA232787E400869C24;
					};
					7453635C2327892D00869C24 = {
						CreatedOnToolsVersion = 10.2.1;
						LastSwiftMigration = 1020;
					};
					745363642327892D00869C24 = {
						CreatedOnToolsVersion = 10.2.1;
						TestTargetID = 745362DA232787E400869C24;
					};
				};
			};
			buildConfigurationList = 745362D6232787E400869C24 /* Build configuration list for PBXProject "TestTaskIOS" */;
			compatibilityVersion = "Xcode 9.3";
			developmentRegion = en;
			hasScannedForEncodings = 0;
			knownRegions = (
				en,
				Base,
			);
			mainGroup = 745362D2232787E400869C24;
			productRefGroup = 745362DC232787E400869C24 /* Products */;
			projectDirPath = "";
			projectRoot = "";
			targets = (
				745362DA232787E400869C24 /* TestTaskIOS */,
				745362F1232787E600869C24 /* TestTaskIOSTests */,
				745362FC232787E600869C24 /* TestTaskIOSUITests */,
				7453635C2327892D00869C24 /* API */,
				745363642327892D00869C24 /* APITests */,
			);
		};
/* End PBXProject section */

/* Begin PBXResourcesBuildPhase section */
		745362D9232787E400869C24 /* Resources */ = {
			isa = PBXResourcesBuildPhase;
			buildActionMask = 2147483647;
			files = (
				745362EC232787E500869C24 /* LaunchScreen.storyboard in Resources */,
				745362E9232787E500869C24 /* Assets.xcassets in Resources */,
				745363B92327C07200869C24 /* CollectionVC.xib in Resources */,
				745363BB2327C0F900869C24 /* ImageCell.xib in Resources */,
				745362E4232787E400869C24 /* Main.storyboard in Resources */,
			);
			runOnlyForDeploymentPostprocessing = 0;
		};
		745362F0232787E600869C24 /* Resources */ = {
			isa = PBXResourcesBuildPhase;
			buildActionMask = 2147483647;
			files = (
			);
			runOnlyForDeploymentPostprocessing = 0;
		};
		745362FB232787E600869C24 /* Resources */ = {
			isa = PBXResourcesBuildPhase;
			buildActionMask = 2147483647;
			files = (
			);
			runOnlyForDeploymentPostprocessing = 0;
		};
		7453635B2327892D00869C24 /* Resources */ = {
			isa = PBXResourcesBuildPhase;
			buildActionMask = 2147483647;
			files = (
			);
			runOnlyForDeploymentPostprocessing = 0;
		};
		745363632327892D00869C24 /* Resources */ = {
			isa = PBXResourcesBuildPhase;
			buildActionMask = 2147483647;
			files = (
			);
			runOnlyForDeploymentPostprocessing = 0;
		};
/* End PBXResourcesBuildPhase section */

/* Begin PBXShellScriptBuildPhase section */
		0B3F005AF41B1764C440F585 /* [CP] Check Pods Manifest.lock */ = {
			isa = PBXShellScriptBuildPhase;
			buildActionMask = 2147483647;
			files = (
			);
			inputFileListPaths = (
			);
			inputPaths = (
				"${PODS_PODFILE_DIR_PATH}/Podfile.lock",
				"${PODS_ROOT}/Manifest.lock",
			);
			name = "[CP] Check Pods Manifest.lock";
			outputFileListPaths = (
			);
			outputPaths = (
				"$(DERIVED_FILE_DIR)/Pods-API-checkManifestLockResult.txt",
			);
			runOnlyForDeploymentPostprocessing = 0;
			shellPath = /bin/sh;
			shellScript = "diff \"${PODS_PODFILE_DIR_PATH}/Podfile.lock\" \"${PODS_ROOT}/Manifest.lock\" > /dev/null\nif [ $? != 0 ] ; then\n    # print error to STDERR\n    echo \"error: The sandbox is not in sync with the Podfile.lock. Run 'pod install' or update your CocoaPods installation.\" >&2\n    exit 1\nfi\n# This output is used by Xcode 'outputs' to avoid re-running this script phase.\necho \"SUCCESS\" > \"${SCRIPT_OUTPUT_FILE_0}\"\n";
			showEnvVarsInLog = 0;
		};
		1242188C24E8685DFA49A0B4 /* [CP] Embed Pods Frameworks */ = {
			isa = PBXShellScriptBuildPhase;
			buildActionMask = 2147483647;
			files = (
			);
			inputFileListPaths = (
			);
			inputPaths = (
				"${SRCROOT}/Pods/Target Support Files/Pods-TestTaskIOS/Pods-TestTaskIOS-frameworks.sh",
				"${BUILT_PRODUCTS_DIR}/Alamofire/Alamofire.framework",
			);
			name = "[CP] Embed Pods Frameworks";
			outputFileListPaths = (
			);
			outputPaths = (
				"${TARGET_BUILD_DIR}/${FRAMEWORKS_FOLDER_PATH}/Alamofire.framework",
			);
			runOnlyForDeploymentPostprocessing = 0;
			shellPath = /bin/sh;
			shellScript = "\"${SRCROOT}/Pods/Target Support Files/Pods-TestTaskIOS/Pods-TestTaskIOS-frameworks.sh\"\n";
			showEnvVarsInLog = 0;
		};
		D0B9238997FF22737C274A45 /* [CP] Check Pods Manifest.lock */ = {
			isa = PBXShellScriptBuildPhase;
			buildActionMask = 2147483647;
			files = (
			);
			inputFileListPaths = (
			);
			inputPaths = (
				"${PODS_PODFILE_DIR_PATH}/Podfile.lock",
				"${PODS_ROOT}/Manifest.lock",
			);
			name = "[CP] Check Pods Manifest.lock";
			outputFileListPaths = (
			);
			outputPaths = (
				"$(DERIVED_FILE_DIR)/Pods-APITests-checkManifestLockResult.txt",
			);
			runOnlyForDeploymentPostprocessing = 0;
			shellPath = /bin/sh;
			shellScript = "diff \"${PODS_PODFILE_DIR_PATH}/Podfile.lock\" \"${PODS_ROOT}/Manifest.lock\" > /dev/null\nif [ $? != 0 ] ; then\n    # print error to STDERR\n    echo \"error: The sandbox is not in sync with the Podfile.lock. Run 'pod install' or update your CocoaPods installation.\" >&2\n    exit 1\nfi\n# This output is used by Xcode 'outputs' to avoid re-running this script phase.\necho \"SUCCESS\" > \"${SCRIPT_OUTPUT_FILE_0}\"\n";
			showEnvVarsInLog = 0;
		};
		E27E75686A850FB026EB0075 /* [CP] Check Pods Manifest.lock */ = {
			isa = PBXShellScriptBuildPhase;
			buildActionMask = 2147483647;
			files = (
			);
			inputFileListPaths = (
			);
			inputPaths = (
				"${PODS_PODFILE_DIR_PATH}/Podfile.lock",
				"${PODS_ROOT}/Manifest.lock",
			);
			name = "[CP] Check Pods Manifest.lock";
			outputFileListPaths = (
			);
			outputPaths = (
				"$(DERIVED_FILE_DIR)/Pods-TestTaskIOSUITests-checkManifestLockResult.txt",
			);
			runOnlyForDeploymentPostprocessing = 0;
			shellPath = /bin/sh;
			shellScript = "diff \"${PODS_PODFILE_DIR_PATH}/Podfile.lock\" \"${PODS_ROOT}/Manifest.lock\" > /dev/null\nif [ $? != 0 ] ; then\n    # print error to STDERR\n    echo \"error: The sandbox is not in sync with the Podfile.lock. Run 'pod install' or update your CocoaPods installation.\" >&2\n    exit 1\nfi\n# This output is used by Xcode 'outputs' to avoid re-running this script phase.\necho \"SUCCESS\" > \"${SCRIPT_OUTPUT_FILE_0}\"\n";
			showEnvVarsInLog = 0;
		};
		F494F0191CF8CCB8DED13A2E /* [CP] Check Pods Manifest.lock */ = {
			isa = PBXShellScriptBuildPhase;
			buildActionMask = 2147483647;
			files = (
			);
			inputFileListPaths = (
			);
			inputPaths = (
				"${PODS_PODFILE_DIR_PATH}/Podfile.lock",
				"${PODS_ROOT}/Manifest.lock",
			);
			name = "[CP] Check Pods Manifest.lock";
			outputFileListPaths = (
			);
			outputPaths = (
				"$(DERIVED_FILE_DIR)/Pods-TestTaskIOS-checkManifestLockResult.txt",
			);
			runOnlyForDeploymentPostprocessing = 0;
			shellPath = /bin/sh;
			shellScript = "diff \"${PODS_PODFILE_DIR_PATH}/Podfile.lock\" \"${PODS_ROOT}/Manifest.lock\" > /dev/null\nif [ $? != 0 ] ; then\n    # print error to STDERR\n    echo \"error: The sandbox is not in sync with the Podfile.lock. Run 'pod install' or update your CocoaPods installation.\" >&2\n    exit 1\nfi\n# This output is used by Xcode 'outputs' to avoid re-running this script phase.\necho \"SUCCESS\" > \"${SCRIPT_OUTPUT_FILE_0}\"\n";
			showEnvVarsInLog = 0;
		};
		F697D92D681CEFF0C7B4309C /* [CP] Check Pods Manifest.lock */ = {
			isa = PBXShellScriptBuildPhase;
			buildActionMask = 2147483647;
			files = (
			);
			inputFileListPaths = (
			);
			inputPaths = (
				"${PODS_PODFILE_DIR_PATH}/Podfile.lock",
				"${PODS_ROOT}/Manifest.lock",
			);
			name = "[CP] Check Pods Manifest.lock";
			outputFileListPaths = (
			);
			outputPaths = (
				"$(DERIVED_FILE_DIR)/Pods-TestTaskIOSTests-checkManifestLockResult.txt",
			);
			runOnlyForDeploymentPostprocessing = 0;
			shellPath = /bin/sh;
			shellScript = "diff \"${PODS_PODFILE_DIR_PATH}/Podfile.lock\" \"${PODS_ROOT}/Manifest.lock\" > /dev/null\nif [ $? != 0 ] ; then\n    # print error to STDERR\n    echo \"error: The sandbox is not in sync with the Podfile.lock. Run 'pod install' or update your CocoaPods installation.\" >&2\n    exit 1\nfi\n# This output is used by Xcode 'outputs' to avoid re-running this script phase.\necho \"SUCCESS\" > \"${SCRIPT_OUTPUT_FILE_0}\"\n";
			showEnvVarsInLog = 0;
		};
/* End PBXShellScriptBuildPhase section */

/* Begin PBXSourcesBuildPhase section */
		745362D7232787E400869C24 /* Sources */ = {
			isa = PBXSourcesBuildPhase;
			buildActionMask = 2147483647;
			files = (
				745363C42327E09200869C24 /* CollectionVCModel.swift in Sources */,
				745362E1232787E400869C24 /* ViewController.swift in Sources */,
				745362E7232787E400869C24 /* TestTaskIOS.xcdatamodeld in Sources */,
				745362DF232787E400869C24 /* AppDelegate.swift in Sources */,
				745363B32327B83F00869C24 /* TTPageControl.swift in Sources */,
				745363B62327BFE700869C24 /* CollectionVC.swift in Sources */,
				745363BD2327C13200869C24 /* ImageCell.swift in Sources */,
				745363B02327B6E000869C24 /* Model.swift in Sources */,
			);
			runOnlyForDeploymentPostprocessing = 0;
		};
		745362EE232787E600869C24 /* Sources */ = {
			isa = PBXSourcesBuildPhase;
			buildActionMask = 2147483647;
			files = (
				745362F7232787E600869C24 /* TestTaskIOSTests.swift in Sources */,
			);
			runOnlyForDeploymentPostprocessing = 0;
		};
		745362F9232787E600869C24 /* Sources */ = {
			isa = PBXSourcesBuildPhase;
			buildActionMask = 2147483647;
			files = (
				74536302232787E600869C24 /* TestTaskIOSUITests.swift in Sources */,
			);
			runOnlyForDeploymentPostprocessing = 0;
		};
		745363592327892D00869C24 /* Sources */ = {
			isa = PBXSourcesBuildPhase;
			buildActionMask = 2147483647;
			files = (
				7453638E2327971F00869C24 /* OrderType.swift in Sources */,
				7453639D2327A15600869C24 /* ProfileImage.swift in Sources */,
				7453637E23278DC500869C24 /* Endpont.swift in Sources */,
				04915CB92328305000C35DD9 /* Orientations.swift in Sources */,
				745363A12327A1BE00869C24 /* URL.swift in Sources */,
				74536388232795D100869C24 /* AccessKey.swift in Sources */,
				745363922327988900869C24 /* CoreNetwork.swift in Sources */,
				745363A92327A44600869C24 /* DataParser.swift in Sources */,
				745363A42327A20000869C24 /* CurrentUserCollection.swift in Sources */,
				7453639F2327A16700869C24 /* UserLink.swift in Sources */,
				7453638623278F3D00869C24 /* ParameterBuilderInterface.swift in Sources */,
				04915CB723282FBC00C35DD9 /* SearchPhotosRequestModel.swift in Sources */,
				7453638423278EE900869C24 /* RequestConvertable.swift in Sources */,
				7453638223278E4E00869C24 /* ParameterBuilder.swift in Sources */,
				745363A62327A3C000869C24 /* ImageLink.swift in Sources */,
				7453638B232796AD00869C24 /* GetPhotosRequestModel.swift in Sources */,
				745363982327A0EB00869C24 /* GetPhotosResponseModel.swift in Sources */,
				7453637C23278D6200869C24 /* Network.swift in Sources */,
				7453639B2327A13200869C24 /* User.swift in Sources */,
			);
			runOnlyForDeploymentPostprocessing = 0;
		};
		745363612327892D00869C24 /* Sources */ = {
			isa = PBXSourcesBuildPhase;
			buildActionMask = 2147483647;
			files = (
				7453636D2327892D00869C24 /* APITests.swift in Sources */,
			);
			runOnlyForDeploymentPostprocessing = 0;
		};
/* End PBXSourcesBuildPhase section */

/* Begin PBXTargetDependency section */
		745362F4232787E600869C24 /* PBXTargetDependency */ = {
			isa = PBXTargetDependency;
			target = 745362DA232787E400869C24 /* TestTaskIOS */;
			targetProxy = 745362F3232787E600869C24 /* PBXContainerItemProxy */;
		};
		745362FF232787E600869C24 /* PBXTargetDependency */ = {
			isa = PBXTargetDependency;
			target = 745362DA232787E400869C24 /* TestTaskIOS */;
			targetProxy = 745362FE232787E600869C24 /* PBXContainerItemProxy */;
		};
		745363682327892D00869C24 /* PBXTargetDependency */ = {
			isa = PBXTargetDependency;
			target = 7453635C2327892D00869C24 /* API */;
			targetProxy = 745363672327892D00869C24 /* PBXContainerItemProxy */;
		};
		7453636A2327892D00869C24 /* PBXTargetDependency */ = {
			isa = PBXTargetDependency;
			target = 745362DA232787E400869C24 /* TestTaskIOS */;
			targetProxy = 745363692327892D00869C24 /* PBXContainerItemProxy */;
		};
		745363712327892D00869C24 /* PBXTargetDependency */ = {
			isa = PBXTargetDependency;
			target = 7453635C2327892D00869C24 /* API */;
			targetProxy = 745363702327892D00869C24 /* PBXContainerItemProxy */;
		};
/* End PBXTargetDependency section */

/* Begin PBXVariantGroup section */
		745362E2232787E400869C24 /* Main.storyboard */ = {
			isa = PBXVariantGroup;
			children = (
				745362E3232787E400869C24 /* Base */,
			);
			name = Main.storyboard;
			sourceTree = "<group>";
		};
		745362EA232787E500869C24 /* LaunchScreen.storyboard */ = {
			isa = PBXVariantGroup;
			children = (
				745362EB232787E500869C24 /* Base */,
			);
			name = LaunchScreen.storyboard;
			sourceTree = "<group>";
		};
/* End PBXVariantGroup section */

/* Begin XCBuildConfiguration section */
		74536304232787E600869C24 /* Debug */ = {
			isa = XCBuildConfiguration;
			buildSettings = {
				ALWAYS_SEARCH_USER_PATHS = NO;
				CLANG_ANALYZER_NONNULL = YES;
				CLANG_ANALYZER_NUMBER_OBJECT_CONVERSION = YES_AGGRESSIVE;
				CLANG_CXX_LANGUAGE_STANDARD = "gnu++14";
				CLANG_CXX_LIBRARY = "libc++";
				CLANG_ENABLE_MODULES = YES;
				CLANG_ENABLE_OBJC_ARC = YES;
				CLANG_ENABLE_OBJC_WEAK = YES;
				CLANG_WARN_BLOCK_CAPTURE_AUTORELEASING = YES;
				CLANG_WARN_BOOL_CONVERSION = YES;
				CLANG_WARN_COMMA = YES;
				CLANG_WARN_CONSTANT_CONVERSION = YES;
				CLANG_WARN_DEPRECATED_OBJC_IMPLEMENTATIONS = YES;
				CLANG_WARN_DIRECT_OBJC_ISA_USAGE = YES_ERROR;
				CLANG_WARN_DOCUMENTATION_COMMENTS = YES;
				CLANG_WARN_EMPTY_BODY = YES;
				CLANG_WARN_ENUM_CONVERSION = YES;
				CLANG_WARN_INFINITE_RECURSION = YES;
				CLANG_WARN_INT_CONVERSION = YES;
				CLANG_WARN_NON_LITERAL_NULL_CONVERSION = YES;
				CLANG_WARN_OBJC_IMPLICIT_RETAIN_SELF = YES;
				CLANG_WARN_OBJC_LITERAL_CONVERSION = YES;
				CLANG_WARN_OBJC_ROOT_CLASS = YES_ERROR;
				CLANG_WARN_RANGE_LOOP_ANALYSIS = YES;
				CLANG_WARN_STRICT_PROTOTYPES = YES;
				CLANG_WARN_SUSPICIOUS_MOVE = YES;
				CLANG_WARN_UNGUARDED_AVAILABILITY = YES_AGGRESSIVE;
				CLANG_WARN_UNREACHABLE_CODE = YES;
				CLANG_WARN__DUPLICATE_METHOD_MATCH = YES;
				CODE_SIGN_IDENTITY = "iPhone Developer";
				COPY_PHASE_STRIP = NO;
				DEBUG_INFORMATION_FORMAT = dwarf;
				ENABLE_STRICT_OBJC_MSGSEND = YES;
				ENABLE_TESTABILITY = YES;
				GCC_C_LANGUAGE_STANDARD = gnu11;
				GCC_DYNAMIC_NO_PIC = NO;
				GCC_NO_COMMON_BLOCKS = YES;
				GCC_OPTIMIZATION_LEVEL = 0;
				GCC_PREPROCESSOR_DEFINITIONS = (
					"DEBUG=1",
					"$(inherited)",
				);
				GCC_WARN_64_TO_32_BIT_CONVERSION = YES;
				GCC_WARN_ABOUT_RETURN_TYPE = YES_ERROR;
				GCC_WARN_UNDECLARED_SELECTOR = YES;
				GCC_WARN_UNINITIALIZED_AUTOS = YES_AGGRESSIVE;
				GCC_WARN_UNUSED_FUNCTION = YES;
				GCC_WARN_UNUSED_VARIABLE = YES;
				IPHONEOS_DEPLOYMENT_TARGET = 12.2;
				MTL_ENABLE_DEBUG_INFO = INCLUDE_SOURCE;
				MTL_FAST_MATH = YES;
				ONLY_ACTIVE_ARCH = YES;
				SDKROOT = iphoneos;
				SWIFT_ACTIVE_COMPILATION_CONDITIONS = DEBUG;
				SWIFT_OPTIMIZATION_LEVEL = "-Onone";
			};
			name = Debug;
		};
		74536305232787E600869C24 /* Release */ = {
			isa = XCBuildConfiguration;
			buildSettings = {
				ALWAYS_SEARCH_USER_PATHS = NO;
				CLANG_ANALYZER_NONNULL = YES;
				CLANG_ANALYZER_NUMBER_OBJECT_CONVERSION = YES_AGGRESSIVE;
				CLANG_CXX_LANGUAGE_STANDARD = "gnu++14";
				CLANG_CXX_LIBRARY = "libc++";
				CLANG_ENABLE_MODULES = YES;
				CLANG_ENABLE_OBJC_ARC = YES;
				CLANG_ENABLE_OBJC_WEAK = YES;
				CLANG_WARN_BLOCK_CAPTURE_AUTORELEASING = YES;
				CLANG_WARN_BOOL_CONVERSION = YES;
				CLANG_WARN_COMMA = YES;
				CLANG_WARN_CONSTANT_CONVERSION = YES;
				CLANG_WARN_DEPRECATED_OBJC_IMPLEMENTATIONS = YES;
				CLANG_WARN_DIRECT_OBJC_ISA_USAGE = YES_ERROR;
				CLANG_WARN_DOCUMENTATION_COMMENTS = YES;
				CLANG_WARN_EMPTY_BODY = YES;
				CLANG_WARN_ENUM_CONVERSION = YES;
				CLANG_WARN_INFINITE_RECURSION = YES;
				CLANG_WARN_INT_CONVERSION = YES;
				CLANG_WARN_NON_LITERAL_NULL_CONVERSION = YES;
				CLANG_WARN_OBJC_IMPLICIT_RETAIN_SELF = YES;
				CLANG_WARN_OBJC_LITERAL_CONVERSION = YES;
				CLANG_WARN_OBJC_ROOT_CLASS = YES_ERROR;
				CLANG_WARN_RANGE_LOOP_ANALYSIS = YES;
				CLANG_WARN_STRICT_PROTOTYPES = YES;
				CLANG_WARN_SUSPICIOUS_MOVE = YES;
				CLANG_WARN_UNGUARDED_AVAILABILITY = YES_AGGRESSIVE;
				CLANG_WARN_UNREACHABLE_CODE = YES;
				CLANG_WARN__DUPLICATE_METHOD_MATCH = YES;
				CODE_SIGN_IDENTITY = "iPhone Developer";
				COPY_PHASE_STRIP = NO;
				DEBUG_INFORMATION_FORMAT = "dwarf-with-dsym";
				ENABLE_NS_ASSERTIONS = NO;
				ENABLE_STRICT_OBJC_MSGSEND = YES;
				GCC_C_LANGUAGE_STANDARD = gnu11;
				GCC_NO_COMMON_BLOCKS = YES;
				GCC_WARN_64_TO_32_BIT_CONVERSION = YES;
				GCC_WARN_ABOUT_RETURN_TYPE = YES_ERROR;
				GCC_WARN_UNDECLARED_SELECTOR = YES;
				GCC_WARN_UNINITIALIZED_AUTOS = YES_AGGRESSIVE;
				GCC_WARN_UNUSED_FUNCTION = YES;
				GCC_WARN_UNUSED_VARIABLE = YES;
				IPHONEOS_DEPLOYMENT_TARGET = 12.2;
				MTL_ENABLE_DEBUG_INFO = NO;
				MTL_FAST_MATH = YES;
				SDKROOT = iphoneos;
				SWIFT_COMPILATION_MODE = wholemodule;
				SWIFT_OPTIMIZATION_LEVEL = "-O";
				VALIDATE_PRODUCT = YES;
			};
			name = Release;
		};
		74536307232787E600869C24 /* Debug */ = {
			isa = XCBuildConfiguration;
			baseConfigurationReference = 08EF3AFB70FC5AA90F6911E4 /* Pods-TestTaskIOS.debug.xcconfig */;
			buildSettings = {
				ALWAYS_EMBED_SWIFT_STANDARD_LIBRARIES = "$(inherited)";
				ASSETCATALOG_COMPILER_APPICON_NAME = AppIcon;
				CODE_SIGN_STYLE = Automatic;
				DEVELOPMENT_TEAM = YNXC5CY44T;
				INFOPLIST_FILE = TestTaskIOS/Info.plist;
				LD_RUNPATH_SEARCH_PATHS = (
					"$(inherited)",
					"@executable_path/Frameworks",
				);
				PRODUCT_BUNDLE_IDENTIFIER = TW.TestTaskIOS;
				PRODUCT_NAME = "$(TARGET_NAME)";
				SWIFT_VERSION = 5.0;
				TARGETED_DEVICE_FAMILY = "1,2";
			};
			name = Debug;
		};
		74536308232787E600869C24 /* Release */ = {
			isa = XCBuildConfiguration;
			baseConfigurationReference = B9D0E2339F4D685006BBF26C /* Pods-TestTaskIOS.release.xcconfig */;
			buildSettings = {
				ALWAYS_EMBED_SWIFT_STANDARD_LIBRARIES = "$(inherited)";
				ASSETCATALOG_COMPILER_APPICON_NAME = AppIcon;
				CODE_SIGN_STYLE = Automatic;
				DEVELOPMENT_TEAM = YNXC5CY44T;
				INFOPLIST_FILE = TestTaskIOS/Info.plist;
				LD_RUNPATH_SEARCH_PATHS = (
					"$(inherited)",
					"@executable_path/Frameworks",
				);
				PRODUCT_BUNDLE_IDENTIFIER = TW.TestTaskIOS;
				PRODUCT_NAME = "$(TARGET_NAME)";
				SWIFT_VERSION = 5.0;
				TARGETED_DEVICE_FAMILY = "1,2";
			};
			name = Release;
		};
		7453630A232787E600869C24 /* Debug */ = {
			isa = XCBuildConfiguration;
			baseConfigurationReference = 95A4CD5A8A4093C76825DAFB /* Pods-TestTaskIOSTests.debug.xcconfig */;
			buildSettings = {
				ALWAYS_EMBED_SWIFT_STANDARD_LIBRARIES = YES;
				BUNDLE_LOADER = "$(TEST_HOST)";
				CODE_SIGN_STYLE = Automatic;
				DEVELOPMENT_TEAM = YNXC5CY44T;
				INFOPLIST_FILE = TestTaskIOSTests/Info.plist;
				LD_RUNPATH_SEARCH_PATHS = (
					"$(inherited)",
					"@executable_path/Frameworks",
					"@loader_path/Frameworks",
				);
				PRODUCT_BUNDLE_IDENTIFIER = TW.TestTaskIOSTests;
				PRODUCT_NAME = "$(TARGET_NAME)";
				SWIFT_VERSION = 5.0;
				TARGETED_DEVICE_FAMILY = "1,2";
				TEST_HOST = "$(BUILT_PRODUCTS_DIR)/TestTaskIOS.app/TestTaskIOS";
			};
			name = Debug;
		};
		7453630B232787E600869C24 /* Release */ = {
			isa = XCBuildConfiguration;
			baseConfigurationReference = 709655B0852F78EB8221F32B /* Pods-TestTaskIOSTests.release.xcconfig */;
			buildSettings = {
				ALWAYS_EMBED_SWIFT_STANDARD_LIBRARIES = YES;
				BUNDLE_LOADER = "$(TEST_HOST)";
				CODE_SIGN_STYLE = Automatic;
				DEVELOPMENT_TEAM = YNXC5CY44T;
				INFOPLIST_FILE = TestTaskIOSTests/Info.plist;
				LD_RUNPATH_SEARCH_PATHS = (
					"$(inherited)",
					"@executable_path/Frameworks",
					"@loader_path/Frameworks",
				);
				PRODUCT_BUNDLE_IDENTIFIER = TW.TestTaskIOSTests;
				PRODUCT_NAME = "$(TARGET_NAME)";
				SWIFT_VERSION = 5.0;
				TARGETED_DEVICE_FAMILY = "1,2";
				TEST_HOST = "$(BUILT_PRODUCTS_DIR)/TestTaskIOS.app/TestTaskIOS";
			};
			name = Release;
		};
		7453630D232787E600869C24 /* Debug */ = {
			isa = XCBuildConfiguration;
			baseConfigurationReference = 81458F3D93CE0528A9C976BD /* Pods-TestTaskIOSUITests.debug.xcconfig */;
			buildSettings = {
				ALWAYS_EMBED_SWIFT_STANDARD_LIBRARIES = YES;
				CODE_SIGN_STYLE = Automatic;
				DEVELOPMENT_TEAM = YNXC5CY44T;
				INFOPLIST_FILE = TestTaskIOSUITests/Info.plist;
				LD_RUNPATH_SEARCH_PATHS = (
					"$(inherited)",
					"@executable_path/Frameworks",
					"@loader_path/Frameworks",
				);
				PRODUCT_BUNDLE_IDENTIFIER = TW.TestTaskIOSUITests;
				PRODUCT_NAME = "$(TARGET_NAME)";
				SWIFT_VERSION = 5.0;
				TARGETED_DEVICE_FAMILY = "1,2";
				TEST_TARGET_NAME = TestTaskIOS;
			};
			name = Debug;
		};
		7453630E232787E600869C24 /* Release */ = {
			isa = XCBuildConfiguration;
			baseConfigurationReference = 8741EA5151694CA714870CA3 /* Pods-TestTaskIOSUITests.release.xcconfig */;
			buildSettings = {
				ALWAYS_EMBED_SWIFT_STANDARD_LIBRARIES = YES;
				CODE_SIGN_STYLE = Automatic;
				DEVELOPMENT_TEAM = YNXC5CY44T;
				INFOPLIST_FILE = TestTaskIOSUITests/Info.plist;
				LD_RUNPATH_SEARCH_PATHS = (
					"$(inherited)",
					"@executable_path/Frameworks",
					"@loader_path/Frameworks",
				);
				PRODUCT_BUNDLE_IDENTIFIER = TW.TestTaskIOSUITests;
				PRODUCT_NAME = "$(TARGET_NAME)";
				SWIFT_VERSION = 5.0;
				TARGETED_DEVICE_FAMILY = "1,2";
				TEST_TARGET_NAME = TestTaskIOS;
			};
			name = Release;
		};
		745363752327892D00869C24 /* Debug */ = {
			isa = XCBuildConfiguration;
			baseConfigurationReference = F22E2DFD3E12A44503F7CD68 /* Pods-API.debug.xcconfig */;
			buildSettings = {
				ALWAYS_EMBED_SWIFT_STANDARD_LIBRARIES = "$(inherited)";
				CLANG_ENABLE_MODULES = YES;
				CODE_SIGN_IDENTITY = "";
				CODE_SIGN_STYLE = Automatic;
				CURRENT_PROJECT_VERSION = 1;
				DEFINES_MODULE = YES;
				DEVELOPMENT_TEAM = YNXC5CY44T;
				DYLIB_COMPATIBILITY_VERSION = 1;
				DYLIB_CURRENT_VERSION = 1;
				DYLIB_INSTALL_NAME_BASE = "@rpath";
				INFOPLIST_FILE = API/Info.plist;
				INSTALL_PATH = "$(LOCAL_LIBRARY_DIR)/Frameworks";
				LD_RUNPATH_SEARCH_PATHS = (
					"$(inherited)",
					"@executable_path/Frameworks",
					"@loader_path/Frameworks",
				);
				PRODUCT_BUNDLE_IDENTIFIER = TW.API;
				PRODUCT_NAME = "$(TARGET_NAME:c99extidentifier)";
				SKIP_INSTALL = YES;
				SWIFT_OPTIMIZATION_LEVEL = "-Onone";
				SWIFT_VERSION = 5.0;
				TARGETED_DEVICE_FAMILY = "1,2";
				VERSIONING_SYSTEM = "apple-generic";
				VERSION_INFO_PREFIX = "";
			};
			name = Debug;
		};
		745363762327892D00869C24 /* Release */ = {
			isa = XCBuildConfiguration;
			baseConfigurationReference = E8489E24297A3AB93DC0FA01 /* Pods-API.release.xcconfig */;
			buildSettings = {
				ALWAYS_EMBED_SWIFT_STANDARD_LIBRARIES = "$(inherited)";
				CLANG_ENABLE_MODULES = YES;
				CODE_SIGN_IDENTITY = "";
				CODE_SIGN_STYLE = Automatic;
				CURRENT_PROJECT_VERSION = 1;
				DEFINES_MODULE = YES;
				DEVELOPMENT_TEAM = YNXC5CY44T;
				DYLIB_COMPATIBILITY_VERSION = 1;
				DYLIB_CURRENT_VERSION = 1;
				DYLIB_INSTALL_NAME_BASE = "@rpath";
				INFOPLIST_FILE = API/Info.plist;
				INSTALL_PATH = "$(LOCAL_LIBRARY_DIR)/Frameworks";
				LD_RUNPATH_SEARCH_PATHS = (
					"$(inherited)",
					"@executable_path/Frameworks",
					"@loader_path/Frameworks",
				);
				PRODUCT_BUNDLE_IDENTIFIER = TW.API;
				PRODUCT_NAME = "$(TARGET_NAME:c99extidentifier)";
				SKIP_INSTALL = YES;
				SWIFT_VERSION = 5.0;
				TARGETED_DEVICE_FAMILY = "1,2";
				VERSIONING_SYSTEM = "apple-generic";
				VERSION_INFO_PREFIX = "";
			};
			name = Release;
		};
		745363782327892D00869C24 /* Debug */ = {
			isa = XCBuildConfiguration;
			baseConfigurationReference = 7E6A4DE136E82BCC4C47B4D1 /* Pods-APITests.debug.xcconfig */;
			buildSettings = {
				ALWAYS_EMBED_SWIFT_STANDARD_LIBRARIES = YES;
				CODE_SIGN_STYLE = Automatic;
				DEVELOPMENT_TEAM = YNXC5CY44T;
				INFOPLIST_FILE = APITests/Info.plist;
				LD_RUNPATH_SEARCH_PATHS = (
					"$(inherited)",
					"@executable_path/Frameworks",
					"@loader_path/Frameworks",
				);
				PRODUCT_BUNDLE_IDENTIFIER = TW.APITests;
				PRODUCT_NAME = "$(TARGET_NAME)";
				SWIFT_VERSION = 5.0;
				TARGETED_DEVICE_FAMILY = "1,2";
				TEST_HOST = "$(BUILT_PRODUCTS_DIR)/TestTaskIOS.app/TestTaskIOS";
			};
			name = Debug;
		};
		745363792327892D00869C24 /* Release */ = {
			isa = XCBuildConfiguration;
			baseConfigurationReference = 928A4CFF815656F5BCA10C00 /* Pods-APITests.release.xcconfig */;
			buildSettings = {
				ALWAYS_EMBED_SWIFT_STANDARD_LIBRARIES = YES;
				CODE_SIGN_STYLE = Automatic;
				DEVELOPMENT_TEAM = YNXC5CY44T;
				INFOPLIST_FILE = APITests/Info.plist;
				LD_RUNPATH_SEARCH_PATHS = (
					"$(inherited)",
					"@executable_path/Frameworks",
					"@loader_path/Frameworks",
				);
				PRODUCT_BUNDLE_IDENTIFIER = TW.APITests;
				PRODUCT_NAME = "$(TARGET_NAME)";
				SWIFT_VERSION = 5.0;
				TARGETED_DEVICE_FAMILY = "1,2";
				TEST_HOST = "$(BUILT_PRODUCTS_DIR)/TestTaskIOS.app/TestTaskIOS";
			};
			name = Release;
		};
/* End XCBuildConfiguration section */

/* Begin XCConfigurationList section */
		745362D6232787E400869C24 /* Build configuration list for PBXProject "TestTaskIOS" */ = {
			isa = XCConfigurationList;
			buildConfigurations = (
				74536304232787E600869C24 /* Debug */,
				74536305232787E600869C24 /* Release */,
			);
			defaultConfigurationIsVisible = 0;
			defaultConfigurationName = Release;
		};
		74536306232787E600869C24 /* Build configuration list for PBXNativeTarget "TestTaskIOS" */ = {
			isa = XCConfigurationList;
			buildConfigurations = (
				74536307232787E600869C24 /* Debug */,
				74536308232787E600869C24 /* Release */,
			);
			defaultConfigurationIsVisible = 0;
			defaultConfigurationName = Release;
		};
		74536309232787E600869C24 /* Build configuration list for PBXNativeTarget "TestTaskIOSTests" */ = {
			isa = XCConfigurationList;
			buildConfigurations = (
				7453630A232787E600869C24 /* Debug */,
				7453630B232787E600869C24 /* Release */,
			);
			defaultConfigurationIsVisible = 0;
			defaultConfigurationName = Release;
		};
		7453630C232787E600869C24 /* Build configuration list for PBXNativeTarget "TestTaskIOSUITests" */ = {
			isa = XCConfigurationList;
			buildConfigurations = (
				7453630D232787E600869C24 /* Debug */,
				7453630E232787E600869C24 /* Release */,
			);
			defaultConfigurationIsVisible = 0;
			defaultConfigurationName = Release;
		};
		745363742327892D00869C24 /* Build configuration list for PBXNativeTarget "API" */ = {
			isa = XCConfigurationList;
			buildConfigurations = (
				745363752327892D00869C24 /* Debug */,
				745363762327892D00869C24 /* Release */,
			);
			defaultConfigurationIsVisible = 0;
			defaultConfigurationName = Release;
		};
		745363772327892D00869C24 /* Build configuration list for PBXNativeTarget "APITests" */ = {
			isa = XCConfigurationList;
			buildConfigurations = (
				745363782327892D00869C24 /* Debug */,
				745363792327892D00869C24 /* Release */,
			);
			defaultConfigurationIsVisible = 0;
			defaultConfigurationName = Release;
		};
/* End XCConfigurationList section */

/* Begin XCVersionGroup section */
		745362E5232787E400869C24 /* TestTaskIOS.xcdatamodeld */ = {
			isa = XCVersionGroup;
			children = (
				745362E6232787E400869C24 /* TestTaskIOS.xcdatamodel */,
			);
			currentVersion = 745362E6232787E400869C24 /* TestTaskIOS.xcdatamodel */;
			path = TestTaskIOS.xcdatamodeld;
			sourceTree = "<group>";
			versionGroupType = wrapper.xcdatamodel;
		};
/* End XCVersionGroup section */
	};
	rootObject = 745362D3232787E400869C24 /* Project object */;
}
